{
	"name": "chat-base",
	"lockfileVersion": 3,
	"requires": true,
	"packages": {
		"": {
			"devDependencies": {
				"daisyui": "^5.0.12",
				"tailwindcss": "^4.1.1"
			}
		},
		"node_modules/daisyui": {
			"version": "5.0.12",
			"resolved": "https://registry.npmjs.org/daisyui/-/daisyui-5.0.12.tgz",
			"integrity": "sha512-01DU0eYBcHgPtuf5fxcrkGkIN6/Uyaqmkle5Yo3ZyW9YVAu036ALZbjv2KH5euvUbeQ4r9q3gAarGcf7Tywhng==",
			"dev": true,
			"funding": {
				"url": "https://github.com/saadeghi/daisyui?sponsor=1"
			}
		},
		"node_modules/tailwindcss": {
			"version": "4.1.1",
			"resolved": "https://registry.npmjs.org/tailwindcss/-/tailwindcss-4.1.1.tgz",
			"integrity": "sha512-QNbdmeS979Efzim2g/bEvfuh+fTcIdp1y7gA+sb6OYSW74rt7Cr7M78AKdf6HqWT3d5AiTb7SwTT3sLQxr4/qw==",
			"dev": true
		}
	}
}
